
Microsoft Visual Studio Solution File, Format Version 12.00
# Visual Studio Version 16
VisualStudioVersion = 16.0.29609.76
MinimumVisualStudioVersion = 10.0.40219.1
Project("{FAE04EC0-301F-11D3-BF4B-00C04F79EFBC}") = "Introduction", "Introduction\Introduction.csproj", "{8981BE24-F77D-4008-A962-32C60A277E37}"
EndProject
Project("{2150E333-8FDC-42A3-9474-1A3956D46DE8}") = "Solution Items", "Solution Items", "{978D8544-406F-4126-8081-34C52FE3E1A1}"
	ProjectSection(SolutionItems) = preProject
		.gitignore = .gitignore
	EndProjectSection
EndProject
Global
	GlobalSection(SolutionConfigurationPlatforms) = preSolution
		Debug|Any CPU = Debug|Any CPU
		Release|Any CPU = Release|Any CPU
	EndGlobalSection
	GlobalSection(ProjectConfigurationPlatforms) = postSolution
		{8981BE24-F77D-4008-A962-32C60A277E37}.Debug|Any CPU.ActiveCfg = Debug|Any CPU
		{8981BE24-F77D-4008-A962-32C60A277E37}.Debug|Any CPU.Build.0 = Debug|Any CPU
		{8981BE24-F77D-4008-A962-32C60A277E37}.Release|Any CPU.ActiveCfg = Release|Any CPU
		{8981BE24-F77D-4008-A962-32C60A277E37}.Release|Any CPU.Build.0 = Release|Any CPU
	EndGlobalSection
	GlobalSection(SolutionProperties) = preSolution
		HideSolutionNode = FALSE
	EndGlobalSection
	GlobalSection(ExtensibilityGlobals) = postSolution
		SolutionGuid = {1C8FA273-F9F3-4E5B-A617-15C7AB6DF023}
	EndGlobalSection
EndGlobal
